
Microsoft Visual Studio Solution File, Format Version 12.00
# Visual Studio Version 16
VisualStudioVersion = 16.0.31321.278
MinimumVisualStudioVersion = 10.0.40219.1
Project("{FAE04EC0-301F-11D3-BF4B-00C04F79EFBC}") = "OmerCemSevim.CabsBooking.ApplicationCore", "OmerCemSevim.CabsBooking.ApplicationCore.csproj", "{7665CAF0-1497-4979-8498-68EAC08C3D0C}"
EndProject
Project("{FAE04EC0-301F-11D3-BF4B-00C04F79EFBC}") = "Infrastructure", "..\Infrastructure\Infrastructure.csproj", "{DF6BBFA1-3726-4D96-9BB5-8B994F53BA3B}"
	ProjectSection(ProjectDependencies) = postProject
		{7665CAF0-1497-4979-8498-68EAC08C3D0C} = {7665CAF0-1497-4979-8498-68EAC08C3D0C}
	EndProjectSection
EndProject
Project("{FAE04EC0-301F-11D3-BF4B-00C04F79EFBC}") = "OmerCemSevim.CabsBooking.API", "..\OmerCemSevim.CabsBooking.API\OmerCemSevim.CabsBooking.API.csproj", "{977A64D9-98E1-4764-9445-0477560A6EA3}"
	ProjectSection(ProjectDependencies) = postProject
		{DF6BBFA1-3726-4D96-9BB5-8B994F53BA3B} = {DF6BBFA1-3726-4D96-9BB5-8B994F53BA3B}
		{7665CAF0-1497-4979-8498-68EAC08C3D0C} = {7665CAF0-1497-4979-8498-68EAC08C3D0C}
	EndProjectSection
EndProject
Global
	GlobalSection(SolutionConfigurationPlatforms) = preSolution
		Debug|Any CPU = Debug|Any CPU
		Release|Any CPU = Release|Any CPU
	EndGlobalSection
	GlobalSection(ProjectConfigurationPlatforms) = postSolution
		{7665CAF0-1497-4979-8498-68EAC08C3D0C}.Debug|Any CPU.ActiveCfg = Debug|Any CPU
		{7665CAF0-1497-4979-8498-68EAC08C3D0C}.Debug|Any CPU.Build.0 = Debug|Any CPU
		{7665CAF0-1497-4979-8498-68EAC08C3D0C}.Release|Any CPU.ActiveCfg = Release|Any CPU
		{7665CAF0-1497-4979-8498-68EAC08C3D0C}.Release|Any CPU.Build.0 = Release|Any CPU
		{DF6BBFA1-3726-4D96-9BB5-8B994F53BA3B}.Debug|Any CPU.ActiveCfg = Debug|Any CPU
		{DF6BBFA1-3726-4D96-9BB5-8B994F53BA3B}.Debug|Any CPU.Build.0 = Debug|Any CPU
		{DF6BBFA1-3726-4D96-9BB5-8B994F53BA3B}.Release|Any CPU.ActiveCfg = Release|Any CPU
		{DF6BBFA1-3726-4D96-9BB5-8B994F53BA3B}.Release|Any CPU.Build.0 = Release|Any CPU
		{977A64D9-98E1-4764-9445-0477560A6EA3}.Debug|Any CPU.ActiveCfg = Debug|Any CPU
		{977A64D9-98E1-4764-9445-0477560A6EA3}.Debug|Any CPU.Build.0 = Debug|Any CPU
		{977A64D9-98E1-4764-9445-0477560A6EA3}.Release|Any CPU.ActiveCfg = Release|Any CPU
		{977A64D9-98E1-4764-9445-0477560A6EA3}.Release|Any CPU.Build.0 = Release|Any CPU
	EndGlobalSection
	GlobalSection(SolutionProperties) = preSolution
		HideSolutionNode = FALSE
	EndGlobalSection
	GlobalSection(ExtensibilityGlobals) = postSolution
		SolutionGuid = {BC58ED64-1205-4C3F-8687-EB16F29DC22C}
	EndGlobalSection
EndGlobal
